// !$*UTF8*$!
{
	archiveVersion = 1;
	classes = {
	};
	objectVersion = 46;
	objects = {

/* Begin PBXBuildFile section */
		138A3D10F0E846D9AB8090B4 /* libPods.a in Frameworks */ = {isa = PBXBuildFile; fileRef = 0029D128FE00447588BEDC1C /* libPods.a */; };
		3B614BA911B2A9EB00C6FEE6 /* TDMatchResultCase.h in Headers */ = {isa = PBXBuildFile; fileRef = 3B614BA811B2A9EB00C6FEE6 /* TDMatchResultCase.h */; };
		3BCBF17D11B13CB20098F6B7 /* LocalResourcesTest.m in Sources */ = {isa = PBXBuildFile; fileRef = 3BCBF17C11B13CB20098F6B7 /* LocalResourcesTest.m */; };
		AA747D9F0F9514B9006C5449 /* DownloadManager_Prefix.pch in Headers */ = {isa = PBXBuildFile; fileRef = AA747D9E0F9514B9006C5449 /* DownloadManager_Prefix.pch */; };
		AACBBE4A0F95108600F1A2B1 /* Foundation.framework in Frameworks */ = {isa = PBXBuildFile; fileRef = AACBBE490F95108600F1A2B1 /* Foundation.framework */; };
		CE01A78A13B5984300D47296 /* TDDownloadManagerDelegate.h in Headers */ = {isa = PBXBuildFile; fileRef = CE01A78913B5984300D47296 /* TDDownloadManagerDelegate.h */; };
		CE01A78D13B5AC8800D47296 /* libz.dylib in Frameworks */ = {isa = PBXBuildFile; fileRef = CE01A78C13B5AC8800D47296 /* libz.dylib */; };
		CE1DB84011C643D8000A7AE9 /* TDDeleteOperation.h in Headers */ = {isa = PBXBuildFile; fileRef = CE1DB83E11C643D8000A7AE9 /* TDDeleteOperation.h */; };
		CE1DB84111C643D8000A7AE9 /* TDDeleteOperation.m in Sources */ = {isa = PBXBuildFile; fileRef = CE1DB83F11C643D8000A7AE9 /* TDDeleteOperation.m */; };
		CE2B44B713C3436400AD4A5B /* InAppPurchaseManager.h in Headers */ = {isa = PBXBuildFile; fileRef = CE2B44B513C3436400AD4A5B /* InAppPurchaseManager.h */; settings = {ATTRIBUTES = (); }; };
		CE2B44B813C3436400AD4A5B /* InAppPurchaseManager.m in Sources */ = {isa = PBXBuildFile; fileRef = CE2B44B613C3436400AD4A5B /* InAppPurchaseManager.m */; };
		CE46D8A713311F9000F60C7B /* libxml2.dylib in Frameworks */ = {isa = PBXBuildFile; fileRef = CE46D8A613311F9000F60C7B /* libxml2.dylib */; };
		CE4E011D11B410D800D5140B /* TDConnectionOperation.h in Headers */ = {isa = PBXBuildFile; fileRef = CE4E011B11B410D800D5140B /* TDConnectionOperation.h */; };
		CE4E011E11B410D800D5140B /* TDConnectionOperation.m in Sources */ = {isa = PBXBuildFile; fileRef = CE4E011C11B410D800D5140B /* TDConnectionOperation.m */; };
		CE4E012311B4114F00D5140B /* TDConnectionDelegate.h in Headers */ = {isa = PBXBuildFile; fileRef = CE4E012211B4114F00D5140B /* TDConnectionDelegate.h */; };
		CE502AC511CB8083007BB253 /* TDSort.h in Headers */ = {isa = PBXBuildFile; fileRef = CE502AC411CB8083007BB253 /* TDSort.h */; };
		CE5D80AF14D1554E00788A99 /* TDDownloadConfig.h in Headers */ = {isa = PBXBuildFile; fileRef = CE5D80AD14D1554E00788A99 /* TDDownloadConfig.h */; };
		CE5D80B014D1554E00788A99 /* TDDownloadConfig.m in Sources */ = {isa = PBXBuildFile; fileRef = CE5D80AE14D1554E00788A99 /* TDDownloadConfig.m */; };
		CE65EB9A17698DFC005EB0E3 /* DDXML.h in Headers */ = {isa = PBXBuildFile; fileRef = CE65EB8A17698DFC005EB0E3 /* DDXML.h */; };
		CE65EB9B17698DFC005EB0E3 /* DDXMLDocument.h in Headers */ = {isa = PBXBuildFile; fileRef = CE65EB8B17698DFC005EB0E3 /* DDXMLDocument.h */; };
		CE65EB9C17698DFC005EB0E3 /* DDXMLDocument.m in Sources */ = {isa = PBXBuildFile; fileRef = CE65EB8C17698DFC005EB0E3 /* DDXMLDocument.m */; };
		CE65EB9D17698DFC005EB0E3 /* DDXMLDocument.m in Sources */ = {isa = PBXBuildFile; fileRef = CE65EB8C17698DFC005EB0E3 /* DDXMLDocument.m */; };
		CE65EB9E17698DFC005EB0E3 /* DDXMLElement.h in Headers */ = {isa = PBXBuildFile; fileRef = CE65EB8D17698DFC005EB0E3 /* DDXMLElement.h */; };
		CE65EB9F17698DFC005EB0E3 /* DDXMLElement.m in Sources */ = {isa = PBXBuildFile; fileRef = CE65EB8E17698DFC005EB0E3 /* DDXMLElement.m */; };
		CE65EBA017698DFC005EB0E3 /* DDXMLElement.m in Sources */ = {isa = PBXBuildFile; fileRef = CE65EB8E17698DFC005EB0E3 /* DDXMLElement.m */; };
		CE65EBA117698DFC005EB0E3 /* DDXMLElementAdditions.h in Headers */ = {isa = PBXBuildFile; fileRef = CE65EB8F17698DFC005EB0E3 /* DDXMLElementAdditions.h */; };
		CE65EBA217698DFC005EB0E3 /* DDXMLElementAdditions.m in Sources */ = {isa = PBXBuildFile; fileRef = CE65EB9017698DFC005EB0E3 /* DDXMLElementAdditions.m */; };
		CE65EBA317698DFC005EB0E3 /* DDXMLElementAdditions.m in Sources */ = {isa = PBXBuildFile; fileRef = CE65EB9017698DFC005EB0E3 /* DDXMLElementAdditions.m */; };
		CE65EBA417698DFC005EB0E3 /* DDXMLNode.h in Headers */ = {isa = PBXBuildFile; fileRef = CE65EB9117698DFC005EB0E3 /* DDXMLNode.h */; };
		CE65EBA517698DFC005EB0E3 /* DDXMLNode.m in Sources */ = {isa = PBXBuildFile; fileRef = CE65EB9217698DFC005EB0E3 /* DDXMLNode.m */; };
		CE65EBA617698DFC005EB0E3 /* DDXMLNode.m in Sources */ = {isa = PBXBuildFile; fileRef = CE65EB9217698DFC005EB0E3 /* DDXMLNode.m */; };
		CE65EBA717698DFC005EB0E3 /* DDXMLPrivate.h in Headers */ = {isa = PBXBuildFile; fileRef = CE65EB9317698DFC005EB0E3 /* DDXMLPrivate.h */; };
		CE65EBAB17698DFC005EB0E3 /* NSArrayAdditions.h in Headers */ = {isa = PBXBuildFile; fileRef = CE65EB9617698DFC005EB0E3 /* NSArrayAdditions.h */; };
		CE65EBAC17698DFC005EB0E3 /* NSArrayAdditions.m in Sources */ = {isa = PBXBuildFile; fileRef = CE65EB9717698DFC005EB0E3 /* NSArrayAdditions.m */; };
		CE65EBAD17698DFC005EB0E3 /* NSArrayAdditions.m in Sources */ = {isa = PBXBuildFile; fileRef = CE65EB9717698DFC005EB0E3 /* NSArrayAdditions.m */; };
		CE65EBAE17698DFC005EB0E3 /* NSStringAdditions.h in Headers */ = {isa = PBXBuildFile; fileRef = CE65EB9817698DFC005EB0E3 /* NSStringAdditions.h */; };
		CE65EBAF17698DFC005EB0E3 /* NSStringAdditions.m in Sources */ = {isa = PBXBuildFile; fileRef = CE65EB9917698DFC005EB0E3 /* NSStringAdditions.m */; };
		CE65EBB017698DFC005EB0E3 /* NSStringAdditions.m in Sources */ = {isa = PBXBuildFile; fileRef = CE65EB9917698DFC005EB0E3 /* NSStringAdditions.m */; };
		CE66335313C600B2005F642D /* TDPurchaseDownloadDelegate.h in Headers */ = {isa = PBXBuildFile; fileRef = CE66335213C600B2005F642D /* TDPurchaseDownloadDelegate.h */; };
		CE8101D013572A5E00B5D9DB /* UIKit.framework in Frameworks */ = {isa = PBXBuildFile; fileRef = CE8101CF13572A5E00B5D9DB /* UIKit.framework */; };
		CE8101D313572B9D00B5D9DB /* TDPurchaseDownload.h in Headers */ = {isa = PBXBuildFile; fileRef = CE8101D113572B9D00B5D9DB /* TDPurchaseDownload.h */; };
		CE8101D413572B9D00B5D9DB /* TDPurchaseDownload.m in Sources */ = {isa = PBXBuildFile; fileRef = CE8101D213572B9D00B5D9DB /* TDPurchaseDownload.m */; };
		CE89710B13C60B3E00EE14F2 /* InAppPurchaseDataSource.h in Headers */ = {isa = PBXBuildFile; fileRef = CE89710A13C60B3E00EE14F2 /* InAppPurchaseDataSource.h */; settings = {ATTRIBUTES = (); }; };
		CE8DD7C811AA72980073DA3A /* TDDownload.h in Headers */ = {isa = PBXBuildFile; fileRef = CE8DD7C611AA72980073DA3A /* TDDownload.h */; };
		CE8DD7C911AA72980073DA3A /* TDDownload.m in Sources */ = {isa = PBXBuildFile; fileRef = CE8DD7C711AA72980073DA3A /* TDDownload.m */; };
		CE8DD86D11AA8B240073DA3A /* ConnectionTest.m in Sources */ = {isa = PBXBuildFile; fileRef = CE8DD86C11AA8B240073DA3A /* ConnectionTest.m */; };
		CEC0D24411B47AA80040B20E /* TDRemoteIndexOperation.h in Headers */ = {isa = PBXBuildFile; fileRef = CEC0D24211B47AA80040B20E /* TDRemoteIndexOperation.h */; };
		CEC0D24511B47AA80040B20E /* TDRemoteIndexOperation.m in Sources */ = {isa = PBXBuildFile; fileRef = CEC0D24311B47AA80040B20E /* TDRemoteIndexOperation.m */; };
		CEC0D24711B47AB60040B20E /* TDRemoteIndexDelegate.h in Headers */ = {isa = PBXBuildFile; fileRef = CEC0D24611B47AB60040B20E /* TDRemoteIndexDelegate.h */; };
		CECD47FC13B389C100B81739 /* TDDownloadUnzipOperation.h in Headers */ = {isa = PBXBuildFile; fileRef = CECD47FA13B389C100B81739 /* TDDownloadUnzipOperation.h */; };
		CECD47FD13B389C100B81739 /* TDDownloadUnzipOperation.m in Sources */ = {isa = PBXBuildFile; fileRef = CECD47FB13B389C100B81739 /* TDDownloadUnzipOperation.m */; };
		CEE8D3F711AA9A75004AFC50 /* libDownloadManager.a in Frameworks */ = {isa = PBXBuildFile; fileRef = D2AAC07E0554694100DB518D /* libDownloadManager.a */; };
		CEE8D54611AAA98C004AFC50 /* TDMatchResults.m in Sources */ = {isa = PBXBuildFile; fileRef = CEE8D54511AAA98C004AFC50 /* TDMatchResults.m */; };
		CEE8D54711AAA98C004AFC50 /* TDMatchResults.h in Headers */ = {isa = PBXBuildFile; fileRef = CEE8D54411AAA98C004AFC50 /* TDMatchResults.h */; };
		CEE8D54811AAA98C004AFC50 /* TDMatchResults.m in Sources */ = {isa = PBXBuildFile; fileRef = CEE8D54511AAA98C004AFC50 /* TDMatchResults.m */; };
		CEE8D5AF11AAB818004AFC50 /* MatchesTest.m in Sources */ = {isa = PBXBuildFile; fileRef = CEE8D5AE11AAB818004AFC50 /* MatchesTest.m */; };
		CEE8D63411AAD8B0004AFC50 /* MatchesTest.h in Headers */ = {isa = PBXBuildFile; fileRef = CEE8D5AD11AAB818004AFC50 /* MatchesTest.h */; };
		CEEAE07811ABD95B00E1C42D /* TDDownloadOperation.h in Headers */ = {isa = PBXBuildFile; fileRef = CEEAE07611ABD95B00E1C42D /* TDDownloadOperation.h */; };
		CEEAE07911ABD95B00E1C42D /* TDDownloadOperation.m in Sources */ = {isa = PBXBuildFile; fileRef = CEEAE07711ABD95B00E1C42D /* TDDownloadOperation.m */; };
		CEEAE10A11AC1AAA00E1C42D /* TDDownloadDelegate.h in Headers */ = {isa = PBXBuildFile; fileRef = CEEAE10911AC1AAA00E1C42D /* TDDownloadDelegate.h */; };
		CEEAE18411AC304900E1C42D /* TDDocument.h in Headers */ = {isa = PBXBuildFile; fileRef = CEEAE18211AC304900E1C42D /* TDDocument.h */; };
		CEEAE18511AC304900E1C42D /* TDDocument.m in Sources */ = {isa = PBXBuildFile; fileRef = CEEAE18311AC304900E1C42D /* TDDocument.m */; };
/* End PBXBuildFile section */

/* Begin PBXContainerItemProxy section */
		CE8DD86711AA8AE20073DA3A /* PBXContainerItemProxy */ = {
			isa = PBXContainerItemProxy;
			containerPortal = 0867D690FE84028FC02AAC07 /* Project object */;
			proxyType = 1;
			remoteGlobalIDString = D2AAC07D0554694100DB518D;
			remoteInfo = DownloadManager;
		};
/* End PBXContainerItemProxy section */

/* Begin PBXFileReference section */
		0029D128FE00447588BEDC1C /* libPods.a */ = {isa = PBXFileReference; explicitFileType = archive.ar; includeInIndex = 0; path = libPods.a; sourceTree = BUILT_PRODUCTS_DIR; };
		05C577AA3D1A427389484A53 /* Pods.xcconfig */ = {isa = PBXFileReference; includeInIndex = 1; lastKnownFileType = text.xcconfig; name = Pods.xcconfig; path = Pods/Pods.xcconfig; sourceTree = SOURCE_ROOT; };
		3B614BA811B2A9EB00C6FEE6 /* TDMatchResultCase.h */ = {isa = PBXFileReference; fileEncoding = 4; lastKnownFileType = sourcecode.c.h; path = TDMatchResultCase.h; sourceTree = "<group>"; };
		3BCBF17B11B13CB20098F6B7 /* LocalResourcesTest.h */ = {isa = PBXFileReference; fileEncoding = 4; lastKnownFileType = sourcecode.c.h; path = LocalResourcesTest.h; sourceTree = "<group>"; };
		3BCBF17C11B13CB20098F6B7 /* LocalResourcesTest.m */ = {isa = PBXFileReference; fileEncoding = 4; lastKnownFileType = sourcecode.c.objc; path = LocalResourcesTest.m; sourceTree = "<group>"; };
		AA747D9E0F9514B9006C5449 /* DownloadManager_Prefix.pch */ = {isa = PBXFileReference; fileEncoding = 4; lastKnownFileType = sourcecode.c.h; path = DownloadManager_Prefix.pch; sourceTree = SOURCE_ROOT; };
		AACBBE490F95108600F1A2B1 /* Foundation.framework */ = {isa = PBXFileReference; lastKnownFileType = wrapper.framework; name = Foundation.framework; path = System/Library/Frameworks/Foundation.framework; sourceTree = SDKROOT; };
		CE01A78913B5984300D47296 /* TDDownloadManagerDelegate.h */ = {isa = PBXFileReference; fileEncoding = 4; lastKnownFileType = sourcecode.c.h; path = TDDownloadManagerDelegate.h; sourceTree = "<group>"; };
		CE01A78C13B5AC8800D47296 /* libz.dylib */ = {isa = PBXFileReference; lastKnownFileType = "compiled.mach-o.dylib"; name = libz.dylib; path = usr/lib/libz.dylib; sourceTree = SDKROOT; };
		CE1DB83E11C643D8000A7AE9 /* TDDeleteOperation.h */ = {isa = PBXFileReference; fileEncoding = 4; lastKnownFileType = sourcecode.c.h; path = TDDeleteOperation.h; sourceTree = "<group>"; };
		CE1DB83F11C643D8000A7AE9 /* TDDeleteOperation.m */ = {isa = PBXFileReference; fileEncoding = 4; lastKnownFileType = sourcecode.c.objc; path = TDDeleteOperation.m; sourceTree = "<group>"; };
		CE2B44B513C3436400AD4A5B /* InAppPurchaseManager.h */ = {isa = PBXFileReference; fileEncoding = 4; lastKnownFileType = sourcecode.c.h; path = InAppPurchaseManager.h; sourceTree = "<group>"; };
		CE2B44B613C3436400AD4A5B /* InAppPurchaseManager.m */ = {isa = PBXFileReference; fileEncoding = 4; lastKnownFileType = sourcecode.c.objc; path = InAppPurchaseManager.m; sourceTree = "<group>"; };
		CE46D8A613311F9000F60C7B /* libxml2.dylib */ = {isa = PBXFileReference; lastKnownFileType = "compiled.mach-o.dylib"; name = libxml2.dylib; path = usr/lib/libxml2.dylib; sourceTree = SDKROOT; };
		CE4E011B11B410D800D5140B /* TDConnectionOperation.h */ = {isa = PBXFileReference; fileEncoding = 4; lastKnownFileType = sourcecode.c.h; path = TDConnectionOperation.h; sourceTree = "<group>"; };
		CE4E011C11B410D800D5140B /* TDConnectionOperation.m */ = {isa = PBXFileReference; fileEncoding = 4; lastKnownFileType = sourcecode.c.objc; path = TDConnectionOperation.m; sourceTree = "<group>"; };
		CE4E012211B4114F00D5140B /* TDConnectionDelegate.h */ = {isa = PBXFileReference; fileEncoding = 4; lastKnownFileType = sourcecode.c.h; path = TDConnectionDelegate.h; sourceTree = "<group>"; };
		CE502AC411CB8083007BB253 /* TDSort.h */ = {isa = PBXFileReference; fileEncoding = 4; lastKnownFileType = sourcecode.c.h; path = TDSort.h; sourceTree = "<group>"; };
		CE5D80AD14D1554E00788A99 /* TDDownloadConfig.h */ = {isa = PBXFileReference; fileEncoding = 4; lastKnownFileType = sourcecode.c.h; path = TDDownloadConfig.h; sourceTree = "<group>"; };
		CE5D80AE14D1554E00788A99 /* TDDownloadConfig.m */ = {isa = PBXFileReference; fileEncoding = 4; lastKnownFileType = sourcecode.c.objc; path = TDDownloadConfig.m; sourceTree = "<group>"; };
		CE65EB8A17698DFC005EB0E3 /* DDXML.h */ = {isa = PBXFileReference; fileEncoding = 4; lastKnownFileType = sourcecode.c.h; path = DDXML.h; sourceTree = "<group>"; };
		CE65EB8B17698DFC005EB0E3 /* DDXMLDocument.h */ = {isa = PBXFileReference; fileEncoding = 4; lastKnownFileType = sourcecode.c.h; path = DDXMLDocument.h; sourceTree = "<group>"; };
		CE65EB8C17698DFC005EB0E3 /* DDXMLDocument.m */ = {isa = PBXFileReference; fileEncoding = 4; lastKnownFileType = sourcecode.c.objc; path = DDXMLDocument.m; sourceTree = "<group>"; };
		CE65EB8D17698DFC005EB0E3 /* DDXMLElement.h */ = {isa = PBXFileReference; fileEncoding = 4; lastKnownFileType = sourcecode.c.h; path = DDXMLElement.h; sourceTree = "<group>"; };
		CE65EB8E17698DFC005EB0E3 /* DDXMLElement.m */ = {isa = PBXFileReference; fileEncoding = 4; lastKnownFileType = sourcecode.c.objc; path = DDXMLElement.m; sourceTree = "<group>"; };
		CE65EB8F17698DFC005EB0E3 /* DDXMLElementAdditions.h */ = {isa = PBXFileReference; fileEncoding = 4; lastKnownFileType = sourcecode.c.h; path = DDXMLElementAdditions.h; sourceTree = "<group>"; };
		CE65EB9017698DFC005EB0E3 /* DDXMLElementAdditions.m */ = {isa = PBXFileReference; fileEncoding = 4; lastKnownFileType = sourcecode.c.objc; path = DDXMLElementAdditions.m; sourceTree = "<group>"; };
		CE65EB9117698DFC005EB0E3 /* DDXMLNode.h */ = {isa = PBXFileReference; fileEncoding = 4; lastKnownFileType = sourcecode.c.h; path = DDXMLNode.h; sourceTree = "<group>"; };
		CE65EB9217698DFC005EB0E3 /* DDXMLNode.m */ = {isa = PBXFileReference; fileEncoding = 4; lastKnownFileType = sourcecode.c.objc; path = DDXMLNode.m; sourceTree = "<group>"; };
		CE65EB9317698DFC005EB0E3 /* DDXMLPrivate.h */ = {isa = PBXFileReference; fileEncoding = 4; lastKnownFileType = sourcecode.c.h; path = DDXMLPrivate.h; sourceTree = "<group>"; };
		CE65EB9617698DFC005EB0E3 /* NSArrayAdditions.h */ = {isa = PBXFileReference; fileEncoding = 4; lastKnownFileType = sourcecode.c.h; path = NSArrayAdditions.h; sourceTree = "<group>"; };
		CE65EB9717698DFC005EB0E3 /* NSArrayAdditions.m */ = {isa = PBXFileReference; fileEncoding = 4; lastKnownFileType = sourcecode.c.objc; path = NSArrayAdditions.m; sourceTree = "<group>"; };
		CE65EB9817698DFC005EB0E3 /* NSStringAdditions.h */ = {isa = PBXFileReference; fileEncoding = 4; lastKnownFileType = sourcecode.c.h; path = NSStringAdditions.h; sourceTree = "<group>"; };
		CE65EB9917698DFC005EB0E3 /* NSStringAdditions.m */ = {isa = PBXFileReference; fileEncoding = 4; lastKnownFileType = sourcecode.c.objc; path = NSStringAdditions.m; sourceTree = "<group>"; };
		CE66335213C600B2005F642D /* TDPurchaseDownloadDelegate.h */ = {isa = PBXFileReference; fileEncoding = 4; lastKnownFileType = sourcecode.c.h; path = TDPurchaseDownloadDelegate.h; sourceTree = "<group>"; };
		CE7BBCE711B90A8800D71669 /* Example3.plist */ = {isa = PBXFileReference; fileEncoding = 4; lastKnownFileType = text.plist.xml; path = Example3.plist; sourceTree = "<group>"; };
		CE8101CF13572A5E00B5D9DB /* UIKit.framework */ = {isa = PBXFileReference; lastKnownFileType = wrapper.framework; name = UIKit.framework; path = System/Library/Frameworks/UIKit.framework; sourceTree = SDKROOT; };
		CE8101D113572B9D00B5D9DB /* TDPurchaseDownload.h */ = {isa = PBXFileReference; fileEncoding = 4; lastKnownFileType = sourcecode.c.h; path = TDPurchaseDownload.h; sourceTree = "<group>"; };
		CE8101D213572B9D00B5D9DB /* TDPurchaseDownload.m */ = {isa = PBXFileReference; fileEncoding = 4; lastKnownFileType = sourcecode.c.objc; path = TDPurchaseDownload.m; sourceTree = "<group>"; };
		CE89710A13C60B3E00EE14F2 /* InAppPurchaseDataSource.h */ = {isa = PBXFileReference; fileEncoding = 4; lastKnownFileType = sourcecode.c.h; path = InAppPurchaseDataSource.h; sourceTree = "<group>"; };
		CE8DD7C611AA72980073DA3A /* TDDownload.h */ = {isa = PBXFileReference; fileEncoding = 4; lastKnownFileType = sourcecode.c.h; path = TDDownload.h; sourceTree = "<group>"; };
		CE8DD7C711AA72980073DA3A /* TDDownload.m */ = {isa = PBXFileReference; fileEncoding = 4; lastKnownFileType = sourcecode.c.objc; path = TDDownload.m; sourceTree = "<group>"; };
		CE8DD82511AA8A4E0073DA3A /* CoreFoundation.framework */ = {isa = PBXFileReference; lastKnownFileType = wrapper.framework; name = CoreFoundation.framework; path = System/Library/Frameworks/CoreFoundation.framework; sourceTree = SDKROOT; };
		CE8DD86211AA8ADC0073DA3A /* DMTests.octest */ = {isa = PBXFileReference; explicitFileType = wrapper.cfbundle; includeInIndex = 0; path = DMTests.octest; sourceTree = BUILT_PRODUCTS_DIR; };
		CE8DD86311AA8ADC0073DA3A /* DMTests-Info.plist */ = {isa = PBXFileReference; lastKnownFileType = text.plist.xml; path = "DMTests-Info.plist"; sourceTree = "<group>"; };
		CE8DD86B11AA8B240073DA3A /* ConnectionTest.h */ = {isa = PBXFileReference; fileEncoding = 4; lastKnownFileType = sourcecode.c.h; path = ConnectionTest.h; sourceTree = "<group>"; };
		CE8DD86C11AA8B240073DA3A /* ConnectionTest.m */ = {isa = PBXFileReference; fileEncoding = 4; lastKnownFileType = sourcecode.c.objc; path = ConnectionTest.m; sourceTree = "<group>"; };
		CEC0D24211B47AA80040B20E /* TDRemoteIndexOperation.h */ = {isa = PBXFileReference; fileEncoding = 4; lastKnownFileType = sourcecode.c.h; path = TDRemoteIndexOperation.h; sourceTree = "<group>"; };
		CEC0D24311B47AA80040B20E /* TDRemoteIndexOperation.m */ = {isa = PBXFileReference; fileEncoding = 4; lastKnownFileType = sourcecode.c.objc; path = TDRemoteIndexOperation.m; sourceTree = "<group>"; };
		CEC0D24611B47AB60040B20E /* TDRemoteIndexDelegate.h */ = {isa = PBXFileReference; fileEncoding = 4; lastKnownFileType = sourcecode.c.h; path = TDRemoteIndexDelegate.h; sourceTree = "<group>"; };
		CECD47FA13B389C100B81739 /* TDDownloadUnzipOperation.h */ = {isa = PBXFileReference; fileEncoding = 4; lastKnownFileType = sourcecode.c.h; path = TDDownloadUnzipOperation.h; sourceTree = "<group>"; };
		CECD47FB13B389C100B81739 /* TDDownloadUnzipOperation.m */ = {isa = PBXFileReference; fileEncoding = 4; lastKnownFileType = sourcecode.c.objc; path = TDDownloadUnzipOperation.m; sourceTree = "<group>"; };
		CED721AA135CFF4D006630BC /* Example4.plist */ = {isa = PBXFileReference; fileEncoding = 4; lastKnownFileType = text.plist.xml; path = Example4.plist; sourceTree = "<group>"; };
		CEDD67BE11AE6CAA00254DDB /* Example.plist */ = {isa = PBXFileReference; fileEncoding = 4; lastKnownFileType = text.plist.xml; path = Example.plist; sourceTree = "<group>"; };
		CEE8D54411AAA98C004AFC50 /* TDMatchResults.h */ = {isa = PBXFileReference; fileEncoding = 4; lastKnownFileType = sourcecode.c.h; path = TDMatchResults.h; sourceTree = "<group>"; };
		CEE8D54511AAA98C004AFC50 /* TDMatchResults.m */ = {isa = PBXFileReference; fileEncoding = 4; lastKnownFileType = sourcecode.c.objc; path = TDMatchResults.m; sourceTree = "<group>"; };
		CEE8D5AD11AAB818004AFC50 /* MatchesTest.h */ = {isa = PBXFileReference; fileEncoding = 4; lastKnownFileType = sourcecode.c.h; path = MatchesTest.h; sourceTree = "<group>"; };
		CEE8D5AE11AAB818004AFC50 /* MatchesTest.m */ = {isa = PBXFileReference; fileEncoding = 4; lastKnownFileType = sourcecode.c.objc; path = MatchesTest.m; sourceTree = "<group>"; };
		CEE8D5C511AACA88004AFC50 /* Example2.plist */ = {isa = PBXFileReference; fileEncoding = 4; lastKnownFileType = text.plist.xml; path = Example2.plist; sourceTree = "<group>"; };
		CEE8D5C611AACA88004AFC50 /* Empty.plist */ = {isa = PBXFileReference; fileEncoding = 4; lastKnownFileType = text.plist.xml; path = Empty.plist; sourceTree = "<group>"; };
		CEEAE07611ABD95B00E1C42D /* TDDownloadOperation.h */ = {isa = PBXFileReference; fileEncoding = 4; lastKnownFileType = sourcecode.c.h; path = TDDownloadOperation.h; sourceTree = "<group>"; };
		CEEAE07711ABD95B00E1C42D /* TDDownloadOperation.m */ = {isa = PBXFileReference; fileEncoding = 4; lastKnownFileType = sourcecode.c.objc; path = TDDownloadOperation.m; sourceTree = "<group>"; };
		CEEAE10911AC1AAA00E1C42D /* TDDownloadDelegate.h */ = {isa = PBXFileReference; fileEncoding = 4; lastKnownFileType = sourcecode.c.h; path = TDDownloadDelegate.h; sourceTree = "<group>"; };
		CEEAE14811AC256600E1C42D /* Preferences.plist */ = {isa = PBXFileReference; fileEncoding = 4; lastKnownFileType = text.plist.xml; path = Preferences.plist; sourceTree = "<group>"; };
		CEEAE18211AC304900E1C42D /* TDDocument.h */ = {isa = PBXFileReference; fileEncoding = 4; lastKnownFileType = sourcecode.c.h; path = TDDocument.h; sourceTree = "<group>"; };
		CEEAE18311AC304900E1C42D /* TDDocument.m */ = {isa = PBXFileReference; fileEncoding = 4; lastKnownFileType = sourcecode.c.objc; path = TDDocument.m; sourceTree = "<group>"; };
		D2AAC07E0554694100DB518D /* libDownloadManager.a */ = {isa = PBXFileReference; explicitFileType = archive.ar; includeInIndex = 0; path = libDownloadManager.a; sourceTree = BUILT_PRODUCTS_DIR; };
/* End PBXFileReference section */

/* Begin PBXFrameworksBuildPhase section */
		CE8DD85F11AA8ADC0073DA3A /* Frameworks */ = {
			isa = PBXFrameworksBuildPhase;
			buildActionMask = 2147483647;
			files = (
				CEE8D3F711AA9A75004AFC50 /* libDownloadManager.a in Frameworks */,
			);
			runOnlyForDeploymentPostprocessing = 0;
		};
		D2AAC07C0554694100DB518D /* Frameworks */ = {
			isa = PBXFrameworksBuildPhase;
			buildActionMask = 2147483647;
			files = (
				CE01A78D13B5AC8800D47296 /* libz.dylib in Frameworks */,
				CE8101D013572A5E00B5D9DB /* UIKit.framework in Frameworks */,
				CE46D8A713311F9000F60C7B /* libxml2.dylib in Frameworks */,
				AACBBE4A0F95108600F1A2B1 /* Foundation.framework in Frameworks */,
				138A3D10F0E846D9AB8090B4 /* libPods.a in Frameworks */,
			);
			runOnlyForDeploymentPostprocessing = 0;
		};
/* End PBXFrameworksBuildPhase section */

/* Begin PBXGroup section */
		034768DFFF38A50411DB9C8B /* Products */ = {
			isa = PBXGroup;
			children = (
				D2AAC07E0554694100DB518D /* libDownloadManager.a */,
				CE8DD86211AA8ADC0073DA3A /* DMTests.octest */,
			);
			name = Products;
			sourceTree = "<group>";
		};
		0867D691FE84028FC02AAC07 /* DownloadManager */ = {
			isa = PBXGroup;
			children = (
				08FB77AEFE84172EC02AAC07 /* Classes */,
				32C88DFF0371C24200C91783 /* Other Sources */,
				0867D69AFE84028FC02AAC07 /* Frameworks */,
				034768DFFF38A50411DB9C8B /* Products */,
				CE8DD86311AA8ADC0073DA3A /* DMTests-Info.plist */,
				05C577AA3D1A427389484A53 /* Pods.xcconfig */,
			);
			name = DownloadManager;
			sourceTree = "<group>";
		};
		0867D69AFE84028FC02AAC07 /* Frameworks */ = {
			isa = PBXGroup;
			children = (
				CE01A78C13B5AC8800D47296 /* libz.dylib */,
				CE46D8A613311F9000F60C7B /* libxml2.dylib */,
				CE8101CF13572A5E00B5D9DB /* UIKit.framework */,
				CE8DD82511AA8A4E0073DA3A /* CoreFoundation.framework */,
				AACBBE490F95108600F1A2B1 /* Foundation.framework */,
				0029D128FE00447588BEDC1C /* libPods.a */,
			);
			name = Frameworks;
			sourceTree = "<group>";
		};
		08FB77AEFE84172EC02AAC07 /* Classes */ = {
			isa = PBXGroup;
			children = (
				CE65EB8917698DFC005EB0E3 /* KissXML */,
				CE2B44B413C3436400AD4A5B /* Purchase */,
				CE4E012011B4111B00D5140B /* Model */,
				CE502AC311CB803F007BB253 /* Sorting */,
				CE4E012111B4112900D5140B /* Controller */,
				CE8DD7C511AA72620073DA3A /* Connection */,
				CEC0D24111B47A890040B20E /* RemoteIndex */,
				CE4E011F11B4110300D5140B /* Download */,
				CE1DB83D11C643AE000A7AE9 /* Delete */,
				CE8DD74711AA6C230073DA3A /* Test */,
			);
			name = Classes;
			sourceTree = "<group>";
		};
		32C88DFF0371C24200C91783 /* Other Sources */ = {
			isa = PBXGroup;
			children = (
				CEDD67BE11AE6CAA00254DDB /* Example.plist */,
				CEE8D5C511AACA88004AFC50 /* Example2.plist */,
				CE7BBCE711B90A8800D71669 /* Example3.plist */,
				CED721AA135CFF4D006630BC /* Example4.plist */,
				CEEAE14811AC256600E1C42D /* Preferences.plist */,
				CEE8D5C611AACA88004AFC50 /* Empty.plist */,
				AA747D9E0F9514B9006C5449 /* DownloadManager_Prefix.pch */,
			);
			name = "Other Sources";
			sourceTree = "<group>";
		};
		CE1DB83D11C643AE000A7AE9 /* Delete */ = {
			isa = PBXGroup;
			children = (
				CE1DB83E11C643D8000A7AE9 /* TDDeleteOperation.h */,
				CE1DB83F11C643D8000A7AE9 /* TDDeleteOperation.m */,
			);
			name = Delete;
			sourceTree = "<group>";
		};
		CE2B44B413C3436400AD4A5B /* Purchase */ = {
			isa = PBXGroup;
			children = (
				CE2B44B513C3436400AD4A5B /* InAppPurchaseManager.h */,
				CE2B44B613C3436400AD4A5B /* InAppPurchaseManager.m */,
				CE89710A13C60B3E00EE14F2 /* InAppPurchaseDataSource.h */,
			);
			path = Purchase;
			sourceTree = "<group>";
		};
		CE4E011F11B4110300D5140B /* Download */ = {
			isa = PBXGroup;
			children = (
				CEEAE07611ABD95B00E1C42D /* TDDownloadOperation.h */,
				CEEAE07711ABD95B00E1C42D /* TDDownloadOperation.m */,
				CEEAE10911AC1AAA00E1C42D /* TDDownloadDelegate.h */,
				CECD47FA13B389C100B81739 /* TDDownloadUnzipOperation.h */,
				CECD47FB13B389C100B81739 /* TDDownloadUnzipOperation.m */,
			);
			name = Download;
			sourceTree = "<group>";
		};
		CE4E012011B4111B00D5140B /* Model */ = {
			isa = PBXGroup;
			children = (
				CEEAE18211AC304900E1C42D /* TDDocument.h */,
				CEEAE18311AC304900E1C42D /* TDDocument.m */,
			);
			name = Model;
			sourceTree = "<group>";
		};
		CE4E012111B4112900D5140B /* Controller */ = {
			isa = PBXGroup;
			children = (
				CE8DD7C611AA72980073DA3A /* TDDownload.h */,
				CE8DD7C711AA72980073DA3A /* TDDownload.m */,
				CE5D80AD14D1554E00788A99 /* TDDownloadConfig.h */,
				CE5D80AE14D1554E00788A99 /* TDDownloadConfig.m */,
				CE8101D113572B9D00B5D9DB /* TDPurchaseDownload.h */,
				CE8101D213572B9D00B5D9DB /* TDPurchaseDownload.m */,
				CEE8D54411AAA98C004AFC50 /* TDMatchResults.h */,
				CEE8D54511AAA98C004AFC50 /* TDMatchResults.m */,
				3B614BA811B2A9EB00C6FEE6 /* TDMatchResultCase.h */,
				CE01A78913B5984300D47296 /* TDDownloadManagerDelegate.h */,
				CE66335213C600B2005F642D /* TDPurchaseDownloadDelegate.h */,
			);
			name = Controller;
			sourceTree = "<group>";
		};
		CE502AC311CB803F007BB253 /* Sorting */ = {
			isa = PBXGroup;
			children = (
				CE502AC411CB8083007BB253 /* TDSort.h */,
			);
			name = Sorting;
			sourceTree = "<group>";
		};
		CE65EB8917698DFC005EB0E3 /* KissXML */ = {
			isa = PBXGroup;
			children = (
				CE65EB8A17698DFC005EB0E3 /* DDXML.h */,
				CE65EB8B17698DFC005EB0E3 /* DDXMLDocument.h */,
				CE65EB8C17698DFC005EB0E3 /* DDXMLDocument.m */,
				CE65EB8D17698DFC005EB0E3 /* DDXMLElement.h */,
				CE65EB8E17698DFC005EB0E3 /* DDXMLElement.m */,
				CE65EB8F17698DFC005EB0E3 /* DDXMLElementAdditions.h */,
				CE65EB9017698DFC005EB0E3 /* DDXMLElementAdditions.m */,
				CE65EB9117698DFC005EB0E3 /* DDXMLNode.h */,
				CE65EB9217698DFC005EB0E3 /* DDXMLNode.m */,
				CE65EB9317698DFC005EB0E3 /* DDXMLPrivate.h */,
				CE65EB9617698DFC005EB0E3 /* NSArrayAdditions.h */,
				CE65EB9717698DFC005EB0E3 /* NSArrayAdditions.m */,
				CE65EB9817698DFC005EB0E3 /* NSStringAdditions.h */,
				CE65EB9917698DFC005EB0E3 /* NSStringAdditions.m */,
			);
			path = KissXML;
			sourceTree = "<group>";
		};
		CE8DD74711AA6C230073DA3A /* Test */ = {
			isa = PBXGroup;
			children = (
				CE8DD86B11AA8B240073DA3A /* ConnectionTest.h */,
				CE8DD86C11AA8B240073DA3A /* ConnectionTest.m */,
				3BCBF17B11B13CB20098F6B7 /* LocalResourcesTest.h */,
				3BCBF17C11B13CB20098F6B7 /* LocalResourcesTest.m */,
				CEE8D5AD11AAB818004AFC50 /* MatchesTest.h */,
				CEE8D5AE11AAB818004AFC50 /* MatchesTest.m */,
			);
			name = Test;
			sourceTree = "<group>";
		};
		CE8DD7C511AA72620073DA3A /* Connection */ = {
			isa = PBXGroup;
			children = (
				CE4E011B11B410D800D5140B /* TDConnectionOperation.h */,
				CE4E011C11B410D800D5140B /* TDConnectionOperation.m */,
				CE4E012211B4114F00D5140B /* TDConnectionDelegate.h */,
			);
			name = Connection;
			sourceTree = "<group>";
		};
		CEC0D24111B47A890040B20E /* RemoteIndex */ = {
			isa = PBXGroup;
			children = (
				CEC0D24211B47AA80040B20E /* TDRemoteIndexOperation.h */,
				CEC0D24311B47AA80040B20E /* TDRemoteIndexOperation.m */,
				CEC0D24611B47AB60040B20E /* TDRemoteIndexDelegate.h */,
			);
			name = RemoteIndex;
			sourceTree = "<group>";
		};
/* End PBXGroup section */

/* Begin PBXHeadersBuildPhase section */
		D2AAC07A0554694100DB518D /* Headers */ = {
			isa = PBXHeadersBuildPhase;
			buildActionMask = 2147483647;
			files = (
				CE2B44B713C3436400AD4A5B /* InAppPurchaseManager.h in Headers */,
				CE89710B13C60B3E00EE14F2 /* InAppPurchaseDataSource.h in Headers */,
				AA747D9F0F9514B9006C5449 /* DownloadManager_Prefix.pch in Headers */,
				CE8DD7C811AA72980073DA3A /* TDDownload.h in Headers */,
				CEE8D54711AAA98C004AFC50 /* TDMatchResults.h in Headers */,
				CEE8D63411AAD8B0004AFC50 /* MatchesTest.h in Headers */,
				CEEAE07811ABD95B00E1C42D /* TDDownloadOperation.h in Headers */,
				CEEAE10A11AC1AAA00E1C42D /* TDDownloadDelegate.h in Headers */,
				CEEAE18411AC304900E1C42D /* TDDocument.h in Headers */,
				3B614BA911B2A9EB00C6FEE6 /* TDMatchResultCase.h in Headers */,
				CE4E011D11B410D800D5140B /* TDConnectionOperation.h in Headers */,
				CE4E012311B4114F00D5140B /* TDConnectionDelegate.h in Headers */,
				CEC0D24411B47AA80040B20E /* TDRemoteIndexOperation.h in Headers */,
				CEC0D24711B47AB60040B20E /* TDRemoteIndexDelegate.h in Headers */,
				CE1DB84011C643D8000A7AE9 /* TDDeleteOperation.h in Headers */,
				CE502AC511CB8083007BB253 /* TDSort.h in Headers */,
				CE8101D313572B9D00B5D9DB /* TDPurchaseDownload.h in Headers */,
				CECD47FC13B389C100B81739 /* TDDownloadUnzipOperation.h in Headers */,
				CE01A78A13B5984300D47296 /* TDDownloadManagerDelegate.h in Headers */,
				CE66335313C600B2005F642D /* TDPurchaseDownloadDelegate.h in Headers */,
				CE5D80AF14D1554E00788A99 /* TDDownloadConfig.h in Headers */,
				CE65EB9A17698DFC005EB0E3 /* DDXML.h in Headers */,
				CE65EB9B17698DFC005EB0E3 /* DDXMLDocument.h in Headers */,
				CE65EB9E17698DFC005EB0E3 /* DDXMLElement.h in Headers */,
				CE65EBA117698DFC005EB0E3 /* DDXMLElementAdditions.h in Headers */,
				CE65EBA417698DFC005EB0E3 /* DDXMLNode.h in Headers */,
				CE65EBA717698DFC005EB0E3 /* DDXMLPrivate.h in Headers */,
				CE65EBAB17698DFC005EB0E3 /* NSArrayAdditions.h in Headers */,
				CE65EBAE17698DFC005EB0E3 /* NSStringAdditions.h in Headers */,
			);
			runOnlyForDeploymentPostprocessing = 0;
		};
/* End PBXHeadersBuildPhase section */

/* Begin PBXNativeTarget section */
		CE8DD86111AA8ADC0073DA3A /* DMTests */ = {
			isa = PBXNativeTarget;
			buildConfigurationList = CE8DD86611AA8ADD0073DA3A /* Build configuration list for PBXNativeTarget "DMTests" */;
			buildPhases = (
				CE8DD85D11AA8ADC0073DA3A /* Resources */,
				CE8DD85E11AA8ADC0073DA3A /* Sources */,
				CE8DD85F11AA8ADC0073DA3A /* Frameworks */,
				CE8DD86011AA8ADC0073DA3A /* ShellScript */,
			);
			buildRules = (
			);
			dependencies = (
				CE8DD86811AA8AE20073DA3A /* PBXTargetDependency */,
			);
			name = DMTests;
			productName = DMTests;
			productReference = CE8DD86211AA8ADC0073DA3A /* DMTests.octest */;
			productType = "com.apple.product-type.bundle";
		};
		D2AAC07D0554694100DB518D /* DownloadManager */ = {
			isa = PBXNativeTarget;
			buildConfigurationList = 1DEB921E08733DC00010E9CD /* Build configuration list for PBXNativeTarget "DownloadManager" */;
			buildPhases = (
				CB9E961FE8DD4C51A41BED34 /* Check Pods Manifest.lock */,
				D2AAC07A0554694100DB518D /* Headers */,
				D2AAC07B0554694100DB518D /* Sources */,
				D2AAC07C0554694100DB518D /* Frameworks */,
				9FED364F77A64BE48F2E6842 /* Copy Pods Resources */,
			);
			buildRules = (
			);
			dependencies = (
			);
			name = DownloadManager;
			productName = DownloadManager;
			productReference = D2AAC07E0554694100DB518D /* libDownloadManager.a */;
			productType = "com.apple.product-type.library.static";
		};
/* End PBXNativeTarget section */

/* Begin PBXProject section */
		0867D690FE84028FC02AAC07 /* Project object */ = {
			isa = PBXProject;
			attributes = {
				LastUpgradeCheck = 0450;
				ORGANIZATIONNAME = toodev;
			};
			buildConfigurationList = 1DEB922208733DC00010E9CD /* Build configuration list for PBXProject "DownloadManager" */;
			compatibilityVersion = "Xcode 3.2";
			developmentRegion = English;
			hasScannedForEncodings = 1;
			knownRegions = (
				English,
				Japanese,
				French,
				German,
			);
			mainGroup = 0867D691FE84028FC02AAC07 /* DownloadManager */;
			productRefGroup = 034768DFFF38A50411DB9C8B /* Products */;
			projectDirPath = "";
			projectRoot = "";
			targets = (
				D2AAC07D0554694100DB518D /* DownloadManager */,
				CE8DD86111AA8ADC0073DA3A /* DMTests */,
			);
		};
/* End PBXProject section */

/* Begin PBXResourcesBuildPhase section */
		CE8DD85D11AA8ADC0073DA3A /* Resources */ = {
			isa = PBXResourcesBuildPhase;
			buildActionMask = 2147483647;
			files = (
			);
			runOnlyForDeploymentPostprocessing = 0;
		};
/* End PBXResourcesBuildPhase section */

/* Begin PBXShellScriptBuildPhase section */
		9FED364F77A64BE48F2E6842 /* Copy Pods Resources */ = {
			isa = PBXShellScriptBuildPhase;
			buildActionMask = 2147483647;
			files = (
			);
			inputPaths = (
			);
			name = "Copy Pods Resources";
			outputPaths = (
			);
			runOnlyForDeploymentPostprocessing = 0;
			shellPath = /bin/sh;
			shellScript = "\"${SRCROOT}/Pods/Pods-resources.sh\"\n";
		};
		CB9E961FE8DD4C51A41BED34 /* Check Pods Manifest.lock */ = {
			isa = PBXShellScriptBuildPhase;
			buildActionMask = 2147483647;
			files = (
			);
			inputPaths = (
			);
			name = "Check Pods Manifest.lock";
			outputPaths = (
			);
			runOnlyForDeploymentPostprocessing = 0;
			shellPath = /bin/sh;
			shellScript = "diff \"${PODS_ROOT}/../Podfile.lock\" \"${PODS_ROOT}/Manifest.lock\" > /dev/null\nif [[ $? != 0 ]] ; then\n    cat << EOM\nerror: The sandbox is not in sync with the Podfile.lock. Run 'pod install' or update your CocoaPods installation.\nEOM\n    exit 1\nfi\n";
		};
		CE8DD86011AA8ADC0073DA3A /* ShellScript */ = {
			isa = PBXShellScriptBuildPhase;
			buildActionMask = 2147483647;
			files = (
			);
			inputPaths = (
			);
			outputPaths = (
			);
			runOnlyForDeploymentPostprocessing = 0;
			shellPath = /bin/sh;
			shellScript = "# Run the unit tests in this test bundle.\n\"${SYSTEM_DEVELOPER_DIR}/Tools/RunUnitTests\"\n";
		};
/* End PBXShellScriptBuildPhase section */

/* Begin PBXSourcesBuildPhase section */
		CE8DD85E11AA8ADC0073DA3A /* Sources */ = {
			isa = PBXSourcesBuildPhase;
			buildActionMask = 2147483647;
			files = (
				CE8DD86D11AA8B240073DA3A /* ConnectionTest.m in Sources */,
				CEE8D54611AAA98C004AFC50 /* TDMatchResults.m in Sources */,
				CEE8D5AF11AAB818004AFC50 /* MatchesTest.m in Sources */,
				3BCBF17D11B13CB20098F6B7 /* LocalResourcesTest.m in Sources */,
				CE65EB9D17698DFC005EB0E3 /* DDXMLDocument.m in Sources */,
				CE65EBA017698DFC005EB0E3 /* DDXMLElement.m in Sources */,
				CE65EBA317698DFC005EB0E3 /* DDXMLElementAdditions.m in Sources */,
				CE65EBA617698DFC005EB0E3 /* DDXMLNode.m in Sources */,
				CE65EBAD17698DFC005EB0E3 /* NSArrayAdditions.m in Sources */,
				CE65EBB017698DFC005EB0E3 /* NSStringAdditions.m in Sources */,
			);
			runOnlyForDeploymentPostprocessing = 0;
		};
		D2AAC07B0554694100DB518D /* Sources */ = {
			isa = PBXSourcesBuildPhase;
			buildActionMask = 2147483647;
			files = (
				CE8DD7C911AA72980073DA3A /* TDDownload.m in Sources */,
				CEE8D54811AAA98C004AFC50 /* TDMatchResults.m in Sources */,
				CEEAE07911ABD95B00E1C42D /* TDDownloadOperation.m in Sources */,
				CEEAE18511AC304900E1C42D /* TDDocument.m in Sources */,
				CE4E011E11B410D800D5140B /* TDConnectionOperation.m in Sources */,
				CEC0D24511B47AA80040B20E /* TDRemoteIndexOperation.m in Sources */,
				CE1DB84111C643D8000A7AE9 /* TDDeleteOperation.m in Sources */,
				CE8101D413572B9D00B5D9DB /* TDPurchaseDownload.m in Sources */,
				CECD47FD13B389C100B81739 /* TDDownloadUnzipOperation.m in Sources */,
				CE2B44B813C3436400AD4A5B /* InAppPurchaseManager.m in Sources */,
				CE5D80B014D1554E00788A99 /* TDDownloadConfig.m in Sources */,
				CE65EB9C17698DFC005EB0E3 /* DDXMLDocument.m in Sources */,
				CE65EB9F17698DFC005EB0E3 /* DDXMLElement.m in Sources */,
				CE65EBA217698DFC005EB0E3 /* DDXMLElementAdditions.m in Sources */,
				CE65EBA517698DFC005EB0E3 /* DDXMLNode.m in Sources */,
				CE65EBAC17698DFC005EB0E3 /* NSArrayAdditions.m in Sources */,
				CE65EBAF17698DFC005EB0E3 /* NSStringAdditions.m in Sources */,
			);
			runOnlyForDeploymentPostprocessing = 0;
		};
/* End PBXSourcesBuildPhase section */

/* Begin PBXTargetDependency section */
		CE8DD86811AA8AE20073DA3A /* PBXTargetDependency */ = {
			isa = PBXTargetDependency;
			target = D2AAC07D0554694100DB518D /* DownloadManager */;
			targetProxy = CE8DD86711AA8AE20073DA3A /* PBXContainerItemProxy */;
		};
/* End PBXTargetDependency section */

/* Begin XCBuildConfiguration section */
		1DEB921F08733DC00010E9CD /* Debug */ = {
			isa = XCBuildConfiguration;
			baseConfigurationReference = 05C577AA3D1A427389484A53 /* Pods.xcconfig */;
			buildSettings = {
				ALWAYS_SEARCH_USER_PATHS = NO;
				COPY_PHASE_STRIP = NO;
				DSTROOT = /tmp/DownloadManager.dst;
				GCC_DYNAMIC_NO_PIC = NO;
				GCC_MODEL_TUNING = G5;
				GCC_OPTIMIZATION_LEVEL = 0;
				GCC_PRECOMPILE_PREFIX_HEADER = YES;
				GCC_PREFIX_HEADER = DownloadManager_Prefix.pch;
				GCC_THUMB_SUPPORT = NO;
				INSTALL_PATH = /usr/local/lib;
				OTHER_LDFLAGS = (
					"-ObjC",
					"-framework",
					CFNetwork,
					"-framework",
					CoreGraphics,
					"-framework",
					MobileCoreServices,
					"-framework",
					SystemConfiguration,
				);
				PRODUCT_NAME = DownloadManager;
				SKIP_INSTALL = YES;
			};
			name = Debug;
		};
		1DEB922008733DC00010E9CD /* Release */ = {
			isa = XCBuildConfiguration;
			baseConfigurationReference = 05C577AA3D1A427389484A53 /* Pods.xcconfig */;
			buildSettings = {
				ALWAYS_SEARCH_USER_PATHS = NO;
				DSTROOT = /tmp/DownloadManager.dst;
				GCC_MODEL_TUNING = G5;
				GCC_PRECOMPILE_PREFIX_HEADER = YES;
				GCC_PREFIX_HEADER = DownloadManager_Prefix.pch;
				GCC_THUMB_SUPPORT = NO;
				INSTALL_PATH = /usr/local/lib;
				OTHER_LDFLAGS = (
					"-ObjC",
					"-framework",
					CFNetwork,
					"-framework",
					CoreGraphics,
					"-framework",
					MobileCoreServices,
					"-framework",
					SystemConfiguration,
				);
				PRODUCT_NAME = DownloadManager;
				SKIP_INSTALL = YES;
			};
			name = Release;
		};
		1DEB922308733DC00010E9CD /* Debug */ = {
			isa = XCBuildConfiguration;
			buildSettings = {
				GCC_C_LANGUAGE_STANDARD = c99;
				GCC_OPTIMIZATION_LEVEL = 0;
				GCC_THUMB_SUPPORT = NO;
				GCC_WARN_UNUSED_VARIABLE = YES;
				HEADER_SEARCH_PATHS = "$(SDKROOT)/usr/include/libxml2";
				IPHONEOS_DEPLOYMENT_TARGET = 5.0;
				OTHER_LDFLAGS = (
					"-all_load",
					"-ObjC",
				);
				SDKROOT = iphoneos;
				SKIP_INSTALL = YES;
				TARGETED_DEVICE_FAMILY = "1,2";
			};
			name = Debug;
		};
		1DEB922408733DC00010E9CD /* Release */ = {
			isa = XCBuildConfiguration;
			buildSettings = {
				GCC_C_LANGUAGE_STANDARD = c99;
				GCC_THUMB_SUPPORT = NO;
				GCC_WARN_UNUSED_VARIABLE = YES;
				HEADER_SEARCH_PATHS = "$(SDKROOT)/usr/include/libxml2";
				IPHONEOS_DEPLOYMENT_TARGET = 5.0;
				OTHER_LDFLAGS = (
					"-all_load",
					"-ObjC",
				);
				SDKROOT = iphoneos;
				SKIP_INSTALL = YES;
				TARGETED_DEVICE_FAMILY = "1,2";
			};
			name = Release;
		};
		CE8DD86411AA8ADD0073DA3A /* Debug */ = {
			isa = XCBuildConfiguration;
			buildSettings = {
				ALWAYS_SEARCH_USER_PATHS = NO;
				"CODE_SIGN_IDENTITY[sdk=iphoneos*]" = "";
				COPY_PHASE_STRIP = NO;
				FRAMEWORK_SEARCH_PATHS = (
					"\"$(SDKROOT)/Developer/Library/Frameworks\"",
					"\"$(DEVELOPER_LIBRARY_DIR)/Frameworks\"",
				);
				GCC_DYNAMIC_NO_PIC = NO;
				GCC_ENABLE_OBJC_EXCEPTIONS = YES;
				GCC_OPTIMIZATION_LEVEL = 0;
				GCC_THUMB_SUPPORT = NO;
				GCC_VERSION = com.apple.compilers.llvm.clang.1_0;
				INFOPLIST_FILE = "DMTests-Info.plist";
				OTHER_LDFLAGS = (
					"-framework",
					Foundation,
					"-framework",
					SenTestingKit,
					"-framework",
					UIKit,
				);
				PRODUCT_NAME = DMTests;
				WRAPPER_EXTENSION = octest;
			};
			name = Debug;
		};
		CE8DD86511AA8ADD0073DA3A /* Release */ = {
			isa = XCBuildConfiguration;
			buildSettings = {
				ALWAYS_SEARCH_USER_PATHS = NO;
				"CODE_SIGN_IDENTITY[sdk=iphoneos*]" = "";
				COPY_PHASE_STRIP = YES;
				DEBUG_INFORMATION_FORMAT = "dwarf-with-dsym";
				FRAMEWORK_SEARCH_PATHS = (
					"\"$(SDKROOT)/Developer/Library/Frameworks\"",
					"\"$(DEVELOPER_LIBRARY_DIR)/Frameworks\"",
				);
				GCC_ENABLE_OBJC_EXCEPTIONS = YES;
				GCC_THUMB_SUPPORT = NO;
				GCC_VERSION = com.apple.compilers.llvm.clang.1_0;
				INFOPLIST_FILE = "DMTests-Info.plist";
				OTHER_LDFLAGS = (
					"-framework",
					Foundation,
					"-framework",
					SenTestingKit,
					"-framework",
					UIKit,
				);
				PRODUCT_NAME = DMTests;
				WRAPPER_EXTENSION = octest;
				ZERO_LINK = NO;
			};
			name = Release;
		};
/* End XCBuildConfiguration section */

/* Begin XCConfigurationList section */
		1DEB921E08733DC00010E9CD /* Build configuration list for PBXNativeTarget "DownloadManager" */ = {
			isa = XCConfigurationList;
			buildConfigurations = (
				1DEB921F08733DC00010E9CD /* Debug */,
				1DEB922008733DC00010E9CD /* Release */,
			);
			defaultConfigurationIsVisible = 0;
			defaultConfigurationName = Debug;
		};
		1DEB922208733DC00010E9CD /* Build configuration list for PBXProject "DownloadManager" */ = {
			isa = XCConfigurationList;
			buildConfigurations = (
				1DEB922308733DC00010E9CD /* Debug */,
				1DEB922408733DC00010E9CD /* Release */,
			);
			defaultConfigurationIsVisible = 0;
			defaultConfigurationName = Debug;
		};
		CE8DD86611AA8ADD0073DA3A /* Build configuration list for PBXNativeTarget "DMTests" */ = {
			isa = XCConfigurationList;
			buildConfigurations = (
				CE8DD86411AA8ADD0073DA3A /* Debug */,
				CE8DD86511AA8ADD0073DA3A /* Release */,
			);
			defaultConfigurationIsVisible = 0;
			defaultConfigurationName = Debug;
		};
/* End XCConfigurationList section */
	};
	rootObject = 0867D690FE84028FC02AAC07 /* Project object */;
}
